
Microsoft Visual Studio Solution File, Format Version 12.00
# Visual Studio Version 17
VisualStudioVersion = 17.3.32922.545
MinimumVisualStudioVersion = 10.0.40219.1
Project("{FAE04EC0-301F-11D3-BF4B-00C04F79EFBC}") = "redd49-Pro", "redd49-Pro\redd49-Pro.csproj", "{CA6B07D1-0FA0-4844-9F2A-AC5ADC74111A}"
EndProject
Global
	GlobalSection(SolutionConfigurationPlatforms) = preSolution
		Debug|Any CPU = Debug|Any CPU
		Release|Any CPU = Release|Any CPU
	EndGlobalSection
	GlobalSection(ProjectConfigurationPlatforms) = postSolution
		{CA6B07D1-0FA0-4844-9F2A-AC5ADC74111A}.Debug|Any CPU.ActiveCfg = Debug|Any CPU
		{CA6B07D1-0FA0-4844-9F2A-AC5ADC74111A}.Debug|Any CPU.Build.0 = Debug|Any CPU
		{CA6B07D1-0FA0-4844-9F2A-AC5ADC74111A}.Release|Any CPU.ActiveCfg = Release|Any CPU
		{CA6B07D1-0FA0-4844-9F2A-AC5ADC74111A}.Release|Any CPU.Build.0 = Release|Any CPU
	EndGlobalSection
	GlobalSection(SolutionProperties) = preSolution
		HideSolutionNode = FALSE
	EndGlobalSection
	GlobalSection(ExtensibilityGlobals) = postSolution
		SolutionGuid = {1D5B92AF-FA08-4532-ACC4-F5C2D0B029C0}
	EndGlobalSection
EndGlobal
